hash: f69dc78d1523c6d0ef53cd5de7f2e1f39da86fac8f3c3e422ea6627463f87f69
updated: 2018-11-03T17:16:20.470364+07:00
imports:
- name: github.com/go-redis/redis
  version: b3d9bf10f6666b2ee5100a6f3f84f4caf3b4e37d
  subpackages:
  - internal
  - internal/consistenthash
  - internal/hashtag
  - internal/pool
  - internal/proto
  - internal/singleflight
  - internal/util
- name: github.com/googollee/go-engine.io
  version: e2f255711dcb2ea41e42c6d9d98c172d7edf6509
  subpackages:
  - message
  - parser
  - polling
  - transport
  - websocket
- name: github.com/googollee/go-socket.io
  version: c8aeb1ed9b49d7de8fef8662efb18f1d289c5f2e
- name: github.com/gorilla/websocket
  version: 483fb8d7c32fcb4b5636cd293a92e3935932e2f4
- name: github.com/tkanos/gonfig
  version: e83209aed2d171bab5ffb312a1e630110481cb99
testImports: []
